{
  "nodes": {
    "advisory-db": {
      "flake": false,
      "locked": {
        "lastModified": 1710515894,
        "narHash": "sha256-tmQ9TMCb2jZY3jYdf53qIberkYV3dnUzdAYYK/NB+No=",
        "owner": "rustsec",
        "repo": "advisory-db",
        "rev": "369d98c1b95b7b56d0859605916d7b81a7d1f1c4",
        "type": "github"
      },
      "original": {
        "owner": "rustsec",
        "repo": "advisory-db",
        "type": "github"
      }
    },
    "crane": {
      "inputs": {
        "nixpkgs": [
          "nixpkgs"
        ]
      },
      "locked": {
        "lastModified": 1710003968,
        "narHash": "sha256-g8+K+mLiNG5uch35Oy9oDQBAmGSkCcqrd0Jjme7xiG0=",
        "owner": "ipetkov",
        "repo": "crane",
        "rev": "10484f86201bb94bd61ecc5335b1496794fedb78",
        "type": "github"
      },
      "original": {
        "owner": "ipetkov",
        "repo": "crane",
        "type": "github"
      }
    },
    "csprpkgs": {
      "inputs": {
        "nixpkgs": [
          "nixpkgs"
        ],
        "rust-overlay": "rust-overlay"
      },
      "locked": {
        "lastModified": 1706872618,
        "narHash": "sha256-8CIUqT3MnUhe2a47kWup+r6CZwaK3bo328+IV7kGZLQ=",
        "owner": "cspr-rad",
        "repo": "csprpkgs",
        "rev": "3f571b9253563c24b5ca5a6376c3632d6bab25e4",
        "type": "github"
      },
      "original": {
        "owner": "cspr-rad",
        "ref": "add-cctl",
        "repo": "csprpkgs",
        "type": "github"
      }
    },
    "fenix": {
      "inputs": {
        "nixpkgs": [
          "nixpkgs"
        ],
        "rust-analyzer-src": "rust-analyzer-src"
      },
      "locked": {
        "lastModified": 1714631076,
        "narHash": "sha256-at4+1R9gx3CGvX0ZJo9GwDZyt3RzOft7qDCTsYHjI4M=",
        "owner": "nix-community",
        "repo": "fenix",
        "rev": "22a9eb3f20dd340d084cee4426f386a90b1351ca",
        "type": "github"
      },
      "original": {
        "owner": "nix-community",
        "repo": "fenix",
        "type": "github"
      }
    },
    "flake-parts": {
      "inputs": {
        "nixpkgs-lib": "nixpkgs-lib"
      },
      "locked": {
        "lastModified": 1709336216,
        "narHash": "sha256-Dt/wOWeW6Sqm11Yh+2+t0dfEWxoMxGBvv3JpIocFl9E=",
        "owner": "hercules-ci",
        "repo": "flake-parts",
        "rev": "f7b3c975cf067e56e7cda6cb098ebe3fb4d74ca2",
        "type": "github"
      },
      "original": {
        "owner": "hercules-ci",
        "repo": "flake-parts",
        "type": "github"
      }
    },
    "flake-utils": {
      "inputs": {
        "systems": "systems"
      },
      "locked": {
        "lastModified": 1705309234,
        "narHash": "sha256-uNRRNRKmJyCRC/8y1RqBkqWBLM034y4qN7EprSdmgyA=",
        "owner": "numtide",
        "repo": "flake-utils",
        "rev": "1ef2e671c3b0c19053962c07dbda38332dcebf26",
        "type": "github"
      },
      "original": {
        "owner": "numtide",
        "repo": "flake-utils",
        "type": "github"
      }
    },
    "nixpkgs": {
      "locked": {
        "lastModified": 1713128889,
        "narHash": "sha256-aB90ZqzosyRDpBh+rILIcyP5lao8SKz8Sr2PSWvZrzk=",
        "owner": "NixOS",
        "repo": "nixpkgs",
        "rev": "2748d22b45a99fb2deafa5f11c7531c212b2cefa",
        "type": "github"
      },
      "original": {
        "owner": "NixOS",
        "ref": "nixpkgs-unstable",
        "repo": "nixpkgs",
        "type": "github"
      }
    },
    "nixpkgs-lib": {
      "locked": {
        "dir": "lib",
        "lastModified": 1709237383,
        "narHash": "sha256-cy6ArO4k5qTx+l5o+0mL9f5fa86tYUX3ozE1S+Txlds=",
        "owner": "NixOS",
        "repo": "nixpkgs",
        "rev": "1536926ef5621b09bba54035ae2bb6d806d72ac8",
        "type": "github"
      },
      "original": {
        "dir": "lib",
        "owner": "NixOS",
        "ref": "nixos-unstable",
        "repo": "nixpkgs",
        "type": "github"
      }
    },
    "nixpkgs_2": {
      "locked": {
        "lastModified": 1713013257,
        "narHash": "sha256-ZEfGB3YCBVggvk0BQIqVY7J8XF/9jxQ68fCca6nib+8=",
        "owner": "NixOS",
        "repo": "nixpkgs",
        "rev": "90055d5e616bd943795d38808c94dbf0dd35abe8",
        "type": "github"
      },
      "original": {
        "owner": "NixOS",
        "ref": "nixos-23.11",
        "repo": "nixpkgs",
        "type": "github"
      }
    },
    "risc0pkgs": {
      "inputs": {
        "nixpkgs": "nixpkgs_2"
      },
      "locked": {
        "lastModified": 1707207642,
        "narHash": "sha256-EjzGyFHs+hpSuvOjNnVBx48V5h5whRIyAjIUgSOzqLk=",
        "owner": "cspr-rad",
        "repo": "risc0pkgs",
        "rev": "7acff27ce7116777cc7f5a162efa9b599808ed97",
        "type": "github"
      },
      "original": {
        "owner": "cspr-rad",
        "repo": "risc0pkgs",
        "rev": "7acff27ce7116777cc7f5a162efa9b599808ed97",
        "type": "github"
      }
    },
    "root": {
      "inputs": {
        "advisory-db": "advisory-db",
        "crane": "crane",
        "csprpkgs": "csprpkgs",
        "fenix": "fenix",
        "flake-parts": "flake-parts",
        "nixpkgs": "nixpkgs",
        "risc0pkgs": "risc0pkgs",
        "treefmt-nix": "treefmt-nix"
      }
    },
    "rust-analyzer-src": {
      "flake": false,
      "locked": {
        "lastModified": 1714572655,
        "narHash": "sha256-xjD8vmit0Nz1qaSSSpeXOK3saSvAZtOGHS2SHZE75Ek=",
        "owner": "rust-lang",
        "repo": "rust-analyzer",
        "rev": "cfce2bb46da62950a8b70ddb0b2a12332da1b1e1",
        "type": "github"
      },
      "original": {
        "owner": "rust-lang",
        "ref": "nightly",
        "repo": "rust-analyzer",
        "type": "github"
      }
    },
    "rust-overlay": {
      "inputs": {
        "flake-utils": "flake-utils",
        "nixpkgs": [
          "csprpkgs",
          "nixpkgs"
        ]
      },
      "locked": {
        "lastModified": 1706753617,
        "narHash": "sha256-ZKqTFzhFwSWFEpQTJ0uXnfJBs5Y/po9/8TK4bzssdbs=",
        "owner": "oxalica",
        "repo": "rust-overlay",
        "rev": "58be43ae223034217ea1bd58c73210644031b687",
        "type": "github"
      },
      "original": {
        "owner": "oxalica",
        "repo": "rust-overlay",
        "type": "github"
      }
    },
    "systems": {
      "locked": {
        "lastModified": 1681028828,
        "narHash": "sha256-Vy1rq5AaRuLzOxct8nz4T6wlgyUR7zLU309k9mBC768=",
        "owner": "nix-systems",
        "repo": "default",
        "rev": "da67096a3b9bf56a91d16901293e51ba5b49a27e",
        "type": "github"
      },
      "original": {
        "owner": "nix-systems",
        "repo": "default",
        "type": "github"
      }
    },
    "treefmt-nix": {
      "inputs": {
        "nixpkgs": [
          "nixpkgs"
        ]
      },
      "locked": {
        "lastModified": 1710278050,
        "narHash": "sha256-Oc6BP7soXqb8itlHI8UKkdf3V9GeJpa1S39SR5+HJys=",
        "owner": "numtide",
        "repo": "treefmt-nix",
        "rev": "35791f76524086ab4b785a33e4abbedfda64bd22",
        "type": "github"
      },
      "original": {
        "owner": "numtide",
        "repo": "treefmt-nix",
        "type": "github"
      }
    }
  },
  "root": "root",
  "version": 7
}
