{
  "nodes": {
    "advisory-db": {
      "flake": false,
      "locked": {
        "lastModified": 1710515894,
        "narHash": "sha256-tmQ9TMCb2jZY3jYdf53qIberkYV3dnUzdAYYK/NB+No=",
        "owner": "rustsec",
        "repo": "advisory-db",
        "rev": "369d98c1b95b7b56d0859605916d7b81a7d1f1c4",
        "type": "github"
      },
      "original": {
        "owner": "rustsec",
        "repo": "advisory-db",
        "type": "github"
      }
    },
    "advisory-db_2": {
      "flake": false,
      "locked": {
        "lastModified": 1723840407,
        "narHash": "sha256-AZI593yLh4lcKJdAnnjyLMKUm5PMDpFy1APIYFURLyI=",
        "owner": "rustsec",
        "repo": "advisory-db",
        "rev": "201638b35a3e85b7794e84cc73f876d7a2b7ad51",
        "type": "github"
      },
      "original": {
        "owner": "rustsec",
        "repo": "advisory-db",
        "type": "github"
      }
    },
    "agenix": {
      "inputs": {
        "darwin": "darwin",
        "home-manager": "home-manager",
        "nixpkgs": [
          "cctl-rs",
          "cctl-2",
          "csprpkgs",
          "nixpkgs"
        ],
        "systems": "systems_2"
      },
      "locked": {
        "lastModified": 1712079060,
        "narHash": "sha256-/JdiT9t+zzjChc5qQiF+jhrVhRt8figYH29rZO7pFe4=",
        "owner": "ryantm",
        "repo": "agenix",
        "rev": "1381a759b205dff7a6818733118d02253340fd5e",
        "type": "github"
      },
      "original": {
        "owner": "ryantm",
        "repo": "agenix",
        "type": "github"
      }
    },
    "agenix_2": {
      "inputs": {
        "darwin": "darwin_2",
        "home-manager": "home-manager_2",
        "nixpkgs": [
          "cctl-rs",
          "csprpkgs",
          "nixpkgs"
        ],
        "systems": "systems_4"
      },
      "locked": {
        "lastModified": 1722339003,
        "narHash": "sha256-ZeS51uJI30ehNkcZ4uKqT4ZDARPyqrHADSKAwv5vVCU=",
        "owner": "ryantm",
        "repo": "agenix",
        "rev": "3f1dae074a12feb7327b4bf43cbac0d124488bb7",
        "type": "github"
      },
      "original": {
        "owner": "ryantm",
        "repo": "agenix",
        "type": "github"
      }
    },
    "agenix_3": {
      "inputs": {
        "darwin": "darwin_3",
        "home-manager": "home-manager_3",
        "nixpkgs": [
          "csprpkgs",
          "nixpkgs"
        ],
        "systems": "systems_5"
      },
      "locked": {
        "lastModified": 1722339003,
        "narHash": "sha256-ZeS51uJI30ehNkcZ4uKqT4ZDARPyqrHADSKAwv5vVCU=",
        "owner": "ryantm",
        "repo": "agenix",
        "rev": "3f1dae074a12feb7327b4bf43cbac0d124488bb7",
        "type": "github"
      },
      "original": {
        "owner": "ryantm",
        "repo": "agenix",
        "type": "github"
      }
    },
    "cctl": {
      "inputs": {
        "csprpkgs": "csprpkgs",
        "nixpkgs": [
          "cctl",
          "csprpkgs",
          "nixpkgs"
        ],
        "rust-overlay": [
          "cctl",
          "csprpkgs",
          "rust-overlay"
        ]
      },
      "locked": {
        "lastModified": 1717998887,
        "narHash": "sha256-0i3xRAkHI+NPwxGWC3vtJeQyAxfuxr//W7gBT6iuFuk=",
        "owner": "casper-network",
        "repo": "cctl",
        "rev": "947c34b991e37476db82ccfa2bd7c0312c1a91d7",
        "type": "github"
      },
      "original": {
        "owner": "casper-network",
        "repo": "cctl",
        "rev": "947c34b991e37476db82ccfa2bd7c0312c1a91d7",
        "type": "github"
      }
    },
    "cctl-2": {
      "inputs": {
        "csprpkgs": "csprpkgs_2",
        "nixpkgs": [
          "cctl-rs",
          "cctl-2",
          "csprpkgs",
          "nixpkgs"
        ],
        "rust-overlay": [
          "cctl-rs",
          "cctl-2",
          "csprpkgs",
          "rust-overlay"
        ]
      },
      "locked": {
        "lastModified": 1723558192,
        "narHash": "sha256-Y9Ct935VyCdOIYfl+QDNAE2bMCnDJOu2HCwZnm/mbsI=",
        "owner": "casper-network",
        "repo": "cctl",
        "rev": "2da83ec5e50c64bd8d7f9c6c986c1da375465678",
        "type": "github"
      },
      "original": {
        "owner": "casper-network",
        "repo": "cctl",
        "type": "github"
      }
    },
    "cctl-rs": {
      "inputs": {
        "advisory-db": "advisory-db_2",
        "cctl": [
          "cctl"
        ],
        "cctl-2": "cctl-2",
        "crane": "crane",
        "csprpkgs": "csprpkgs_3",
        "fenix": "fenix",
        "flake-parts": "flake-parts",
        "nixpkgs": "nixpkgs_4",
        "treefmt-nix": "treefmt-nix"
      },
      "locked": {
        "lastModified": 1724679624,
        "narHash": "sha256-bh/iVO+LEl88DxZIWCFlQ3fu6uMUBN3Ou5+fwCgJiDk=",
        "owner": "cspr-rad",
        "repo": "cctl-rs",
        "rev": "da4400558ead366af9c075b5c02d16f30ddadcea",
        "type": "github"
      },
      "original": {
        "owner": "cspr-rad",
        "repo": "cctl-rs",
        "type": "github"
      }
    },
    "crane": {
      "inputs": {
        "nixpkgs": [
          "cctl-rs",
          "nixpkgs"
        ]
      },
      "locked": {
        "lastModified": 1724006180,
        "narHash": "sha256-PVxPj0Ga2fMYMtcT9ARCthF+4U71YkOT7ZjgD/vf1Aw=",
        "owner": "ipetkov",
        "repo": "crane",
        "rev": "7ce92819802bc583b7e82ebc08013a530f22209f",
        "type": "github"
      },
      "original": {
        "owner": "ipetkov",
        "repo": "crane",
        "type": "github"
      }
    },
    "crane_2": {
      "inputs": {
        "nixpkgs": [
          "nixpkgs"
        ]
      },
      "locked": {
        "lastModified": 1710003968,
        "narHash": "sha256-g8+K+mLiNG5uch35Oy9oDQBAmGSkCcqrd0Jjme7xiG0=",
        "owner": "ipetkov",
        "repo": "crane",
        "rev": "10484f86201bb94bd61ecc5335b1496794fedb78",
        "type": "github"
      },
      "original": {
        "owner": "ipetkov",
        "repo": "crane",
        "type": "github"
      }
    },
    "csprpkgs": {
      "inputs": {
        "nixpkgs": "nixpkgs",
        "rust-overlay": "rust-overlay"
      },
      "locked": {
        "lastModified": 1712271889,
        "narHash": "sha256-5t8QSUeIyDpHCOB+PnS3wtFqAjNf07X0wZhxZb+J/qk=",
        "owner": "cspr-rad",
        "repo": "csprpkgs",
        "rev": "9d01d5c63ff179ee8c42cdcbf8cf892c96c0a0b1",
        "type": "github"
      },
      "original": {
        "owner": "cspr-rad",
        "repo": "csprpkgs",
        "type": "github"
      }
    },
    "csprpkgs_2": {
      "inputs": {
        "agenix": "agenix",
        "nixpkgs": "nixpkgs_2",
        "rust-overlay": "rust-overlay_2"
      },
      "locked": {
        "lastModified": 1722410860,
        "narHash": "sha256-aL5bf+/X3YR+uqVgD6t1tT23Xw47XJDfE2tXQ2uF6uw=",
        "owner": "cspr-rad",
        "repo": "csprpkgs",
        "rev": "ba58f48daf43bfc84467261969b2388ab779b2de",
        "type": "github"
      },
      "original": {
        "owner": "cspr-rad",
        "repo": "csprpkgs",
        "type": "github"
      }
    },
    "csprpkgs_3": {
      "inputs": {
        "agenix": "agenix_2",
        "nixpkgs": "nixpkgs_3",
        "rust-overlay": "rust-overlay_3"
      },
      "locked": {
        "lastModified": 1723826679,
        "narHash": "sha256-ZL9tppGgOsJi0Z49Lc77mfy3GakX/QbI1CIIKGt4gjs=",
        "owner": "cspr-rad",
        "repo": "csprpkgs",
        "rev": "2e3b082f9bf3b0239f12dec7246b4d19534b811e",
        "type": "github"
      },
      "original": {
        "owner": "cspr-rad",
        "repo": "csprpkgs",
        "type": "github"
      }
    },
    "csprpkgs_4": {
      "inputs": {
        "agenix": "agenix_3",
        "nixpkgs": "nixpkgs_5",
        "rust-overlay": "rust-overlay_4"
      },
      "locked": {
        "lastModified": 1722882341,
        "narHash": "sha256-WhbUtqJLRhE58YGMhclqBzvrIQ+6j4QIzLsiPKipgCw=",
        "owner": "cspr-rad",
        "repo": "csprpkgs",
        "rev": "b2997304c3b9bef19b4fb10b6a93e8cd3c61e813",
        "type": "github"
      },
      "original": {
        "owner": "cspr-rad",
        "repo": "csprpkgs",
        "type": "github"
      }
    },
    "darwin": {
      "inputs": {
        "nixpkgs": [
          "cctl-rs",
          "cctl-2",
          "csprpkgs",
          "agenix",
          "nixpkgs"
        ]
      },
      "locked": {
        "lastModified": 1700795494,
        "narHash": "sha256-gzGLZSiOhf155FW7262kdHo2YDeugp3VuIFb4/GGng0=",
        "owner": "lnl7",
        "repo": "nix-darwin",
        "rev": "4b9b83d5a92e8c1fbfd8eb27eda375908c11ec4d",
        "type": "github"
      },
      "original": {
        "owner": "lnl7",
        "ref": "master",
        "repo": "nix-darwin",
        "type": "github"
      }
    },
    "darwin_2": {
      "inputs": {
        "nixpkgs": [
          "cctl-rs",
          "csprpkgs",
          "agenix",
          "nixpkgs"
        ]
      },
      "locked": {
        "lastModified": 1700795494,
        "narHash": "sha256-gzGLZSiOhf155FW7262kdHo2YDeugp3VuIFb4/GGng0=",
        "owner": "lnl7",
        "repo": "nix-darwin",
        "rev": "4b9b83d5a92e8c1fbfd8eb27eda375908c11ec4d",
        "type": "github"
      },
      "original": {
        "owner": "lnl7",
        "ref": "master",
        "repo": "nix-darwin",
        "type": "github"
      }
    },
    "darwin_3": {
      "inputs": {
        "nixpkgs": [
          "csprpkgs",
          "agenix",
          "nixpkgs"
        ]
      },
      "locked": {
        "lastModified": 1700795494,
        "narHash": "sha256-gzGLZSiOhf155FW7262kdHo2YDeugp3VuIFb4/GGng0=",
        "owner": "lnl7",
        "repo": "nix-darwin",
        "rev": "4b9b83d5a92e8c1fbfd8eb27eda375908c11ec4d",
        "type": "github"
      },
      "original": {
        "owner": "lnl7",
        "ref": "master",
        "repo": "nix-darwin",
        "type": "github"
      }
    },
    "fenix": {
      "inputs": {
        "nixpkgs": [
          "cctl-rs",
          "nixpkgs"
        ],
        "rust-analyzer-src": "rust-analyzer-src"
      },
      "locked": {
        "lastModified": 1724049063,
        "narHash": "sha256-aTnh9Ar40OaT2MTULeJMR9EIrylKeKUYWP61QEZBu0Q=",
        "owner": "nix-community",
        "repo": "fenix",
        "rev": "94c18bf5acb3966b07cc863bd00f4f959c0c5ec4",
        "type": "github"
      },
      "original": {
        "owner": "nix-community",
        "repo": "fenix",
        "type": "github"
      }
    },
    "fenix_2": {
      "inputs": {
        "nixpkgs": [
          "nixpkgs"
        ],
        "rust-analyzer-src": "rust-analyzer-src_2"
      },
      "locked": {
        "lastModified": 1724653830,
        "narHash": "sha256-88f0KK8h6tGIP4Na5RJDKs0S+7WsGGaCGNkLj/bPV3g=",
        "owner": "nix-community",
        "repo": "fenix",
        "rev": "9ecf5e7d800ace001320da8acadd4a3deb872a83",
        "type": "github"
      },
      "original": {
        "owner": "nix-community",
        "repo": "fenix",
        "type": "github"
      }
    },
    "flake-parts": {
      "inputs": {
        "nixpkgs-lib": "nixpkgs-lib"
      },
      "locked": {
        "lastModified": 1722555600,
        "narHash": "sha256-XOQkdLafnb/p9ij77byFQjDf5m5QYl9b2REiVClC+x4=",
        "owner": "hercules-ci",
        "repo": "flake-parts",
        "rev": "8471fe90ad337a8074e957b69ca4d0089218391d",
        "type": "github"
      },
      "original": {
        "owner": "hercules-ci",
        "repo": "flake-parts",
        "type": "github"
      }
    },
    "flake-parts_2": {
      "inputs": {
        "nixpkgs-lib": "nixpkgs-lib_2"
      },
      "locked": {
        "lastModified": 1709336216,
        "narHash": "sha256-Dt/wOWeW6Sqm11Yh+2+t0dfEWxoMxGBvv3JpIocFl9E=",
        "owner": "hercules-ci",
        "repo": "flake-parts",
        "rev": "f7b3c975cf067e56e7cda6cb098ebe3fb4d74ca2",
        "type": "github"
      },
      "original": {
        "owner": "hercules-ci",
        "repo": "flake-parts",
        "type": "github"
      }
    },
    "flake-utils": {
      "inputs": {
        "systems": "systems"
      },
      "locked": {
        "lastModified": 1705309234,
        "narHash": "sha256-uNRRNRKmJyCRC/8y1RqBkqWBLM034y4qN7EprSdmgyA=",
        "owner": "numtide",
        "repo": "flake-utils",
        "rev": "1ef2e671c3b0c19053962c07dbda38332dcebf26",
        "type": "github"
      },
      "original": {
        "owner": "numtide",
        "repo": "flake-utils",
        "type": "github"
      }
    },
    "flake-utils_2": {
      "inputs": {
        "systems": "systems_3"
      },
      "locked": {
        "lastModified": 1705309234,
        "narHash": "sha256-uNRRNRKmJyCRC/8y1RqBkqWBLM034y4qN7EprSdmgyA=",
        "owner": "numtide",
        "repo": "flake-utils",
        "rev": "1ef2e671c3b0c19053962c07dbda38332dcebf26",
        "type": "github"
      },
      "original": {
        "owner": "numtide",
        "repo": "flake-utils",
        "type": "github"
      }
    },
    "home-manager": {
      "inputs": {
        "nixpkgs": [
          "cctl-rs",
          "cctl-2",
          "csprpkgs",
          "agenix",
          "nixpkgs"
        ]
      },
      "locked": {
        "lastModified": 1703113217,
        "narHash": "sha256-7ulcXOk63TIT2lVDSExj7XzFx09LpdSAPtvgtM7yQPE=",
        "owner": "nix-community",
        "repo": "home-manager",
        "rev": "3bfaacf46133c037bb356193bd2f1765d9dc82c1",
        "type": "github"
      },
      "original": {
        "owner": "nix-community",
        "repo": "home-manager",
        "type": "github"
      }
    },
    "home-manager_2": {
      "inputs": {
        "nixpkgs": [
          "cctl-rs",
          "csprpkgs",
          "agenix",
          "nixpkgs"
        ]
      },
      "locked": {
        "lastModified": 1703113217,
        "narHash": "sha256-7ulcXOk63TIT2lVDSExj7XzFx09LpdSAPtvgtM7yQPE=",
        "owner": "nix-community",
        "repo": "home-manager",
        "rev": "3bfaacf46133c037bb356193bd2f1765d9dc82c1",
        "type": "github"
      },
      "original": {
        "owner": "nix-community",
        "repo": "home-manager",
        "type": "github"
      }
    },
    "home-manager_3": {
      "inputs": {
        "nixpkgs": [
          "csprpkgs",
          "agenix",
          "nixpkgs"
        ]
      },
      "locked": {
        "lastModified": 1703113217,
        "narHash": "sha256-7ulcXOk63TIT2lVDSExj7XzFx09LpdSAPtvgtM7yQPE=",
        "owner": "nix-community",
        "repo": "home-manager",
        "rev": "3bfaacf46133c037bb356193bd2f1765d9dc82c1",
        "type": "github"
      },
      "original": {
        "owner": "nix-community",
        "repo": "home-manager",
        "type": "github"
      }
    },
    "nixpkgs": {
      "locked": {
        "lastModified": 1712192574,
        "narHash": "sha256-LbbVOliJKTF4Zl2b9salumvdMXuQBr2kuKP5+ZwbYq4=",
        "owner": "NixOS",
        "repo": "nixpkgs",
        "rev": "f480f9d09e4b4cf87ee6151eba068197125714de",
        "type": "github"
      },
      "original": {
        "owner": "NixOS",
        "ref": "nixpkgs-unstable",
        "repo": "nixpkgs",
        "type": "github"
      }
    },
    "nixpkgs-lib": {
      "locked": {
        "lastModified": 1722555339,
        "narHash": "sha256-uFf2QeW7eAHlYXuDktm9c25OxOyCoUOQmh5SZ9amE5Q=",
        "type": "tarball",
        "url": "https://github.com/NixOS/nixpkgs/archive/a5d394176e64ab29c852d03346c1fc9b0b7d33eb.tar.gz"
      },
      "original": {
        "type": "tarball",
        "url": "https://github.com/NixOS/nixpkgs/archive/a5d394176e64ab29c852d03346c1fc9b0b7d33eb.tar.gz"
      }
    },
    "nixpkgs-lib_2": {
      "locked": {
        "dir": "lib",
        "lastModified": 1709237383,
        "narHash": "sha256-cy6ArO4k5qTx+l5o+0mL9f5fa86tYUX3ozE1S+Txlds=",
        "owner": "NixOS",
        "repo": "nixpkgs",
        "rev": "1536926ef5621b09bba54035ae2bb6d806d72ac8",
        "type": "github"
      },
      "original": {
        "dir": "lib",
        "owner": "NixOS",
        "ref": "nixos-unstable",
        "repo": "nixpkgs",
        "type": "github"
      }
    },
    "nixpkgs_2": {
      "locked": {
        "lastModified": 1712192574,
        "narHash": "sha256-LbbVOliJKTF4Zl2b9salumvdMXuQBr2kuKP5+ZwbYq4=",
        "owner": "NixOS",
        "repo": "nixpkgs",
        "rev": "f480f9d09e4b4cf87ee6151eba068197125714de",
        "type": "github"
      },
      "original": {
        "owner": "NixOS",
        "ref": "nixpkgs-unstable",
        "repo": "nixpkgs",
        "type": "github"
      }
    },
    "nixpkgs_3": {
      "locked": {
        "lastModified": 1722730825,
        "narHash": "sha256-X6U+w8qFBuGPCYrZzc9mpN34aRjQ8604MonpBUkj908=",
        "owner": "NixOS",
        "repo": "nixpkgs",
        "rev": "f3834de3782b82bfc666abf664f946d0e7d1f116",
        "type": "github"
      },
      "original": {
        "owner": "NixOS",
        "ref": "nixpkgs-unstable",
        "repo": "nixpkgs",
        "type": "github"
      }
    },
    "nixpkgs_4": {
      "locked": {
        "lastModified": 1724015816,
        "narHash": "sha256-hVESnM7Eiz93+4DeiE0a1TwMeaeph1ytRJ5QtqxYRWg=",
        "owner": "NixOS",
        "repo": "nixpkgs",
        "rev": "9aa35efbea27d320d0cdc5f922f0890812affb60",
        "type": "github"
      },
      "original": {
        "owner": "NixOS",
        "ref": "nixpkgs-unstable",
        "repo": "nixpkgs",
        "type": "github"
      }
    },
    "nixpkgs_5": {
      "locked": {
        "lastModified": 1722730825,
        "narHash": "sha256-X6U+w8qFBuGPCYrZzc9mpN34aRjQ8604MonpBUkj908=",
        "owner": "NixOS",
        "repo": "nixpkgs",
        "rev": "f3834de3782b82bfc666abf664f946d0e7d1f116",
        "type": "github"
      },
      "original": {
        "owner": "NixOS",
        "ref": "nixpkgs-unstable",
        "repo": "nixpkgs",
        "type": "github"
      }
    },
    "nixpkgs_6": {
      "locked": {
        "lastModified": 1721782431,
        "narHash": "sha256-UNDpwjYxNXQet/g3mgRLsQ9zxrbm9j2JEvP4ijF3AWs=",
        "owner": "NixOS",
        "repo": "nixpkgs",
        "rev": "4f02464258baaf54992debfd010a7a3662a25536",
        "type": "github"
      },
      "original": {
        "owner": "NixOS",
        "ref": "nixpkgs-unstable",
        "repo": "nixpkgs",
        "type": "github"
      }
    },
    "root": {
      "inputs": {
        "advisory-db": "advisory-db",
        "cctl": "cctl",
        "cctl-rs": "cctl-rs",
        "crane": "crane_2",
        "csprpkgs": "csprpkgs_4",
        "fenix": "fenix_2",
        "flake-parts": "flake-parts_2",
        "nixpkgs": "nixpkgs_6",
        "treefmt-nix": "treefmt-nix_2"
      }
    },
    "rust-analyzer-src": {
      "flake": false,
      "locked": {
        "lastModified": 1723915239,
        "narHash": "sha256-x/RXN/ougJ1IEoBKrY0UijB530OfOfICK4KPa3Kj9Bk=",
        "owner": "rust-lang",
        "repo": "rust-analyzer",
        "rev": "fa003262474185fd62168379500fe906b331824b",
        "type": "github"
      },
      "original": {
        "owner": "rust-lang",
        "ref": "nightly",
        "repo": "rust-analyzer",
        "type": "github"
      }
    },
    "rust-analyzer-src_2": {
      "flake": false,
      "locked": {
        "lastModified": 1724586512,
        "narHash": "sha256-mrfwk6nO8N2WtCq3sB2zhd2QN1HMKzeSESzOA6lSsQg=",
        "owner": "rust-lang",
        "repo": "rust-analyzer",
        "rev": "7106cd3be50b2a43c1d9f2787bf22d4369c2b25b",
        "type": "github"
      },
      "original": {
        "owner": "rust-lang",
        "ref": "nightly",
        "repo": "rust-analyzer",
        "type": "github"
      }
    },
    "rust-overlay": {
      "inputs": {
        "flake-utils": "flake-utils",
        "nixpkgs": [
          "cctl",
          "csprpkgs",
          "nixpkgs"
        ]
      },
      "locked": {
        "lastModified": 1706753617,
        "narHash": "sha256-ZKqTFzhFwSWFEpQTJ0uXnfJBs5Y/po9/8TK4bzssdbs=",
        "owner": "oxalica",
        "repo": "rust-overlay",
        "rev": "58be43ae223034217ea1bd58c73210644031b687",
        "type": "github"
      },
      "original": {
        "owner": "oxalica",
        "repo": "rust-overlay",
        "type": "github"
      }
    },
    "rust-overlay_2": {
      "inputs": {
        "flake-utils": "flake-utils_2",
        "nixpkgs": [
          "cctl-rs",
          "cctl-2",
          "csprpkgs",
          "nixpkgs"
        ]
      },
      "locked": {
        "lastModified": 1706753617,
        "narHash": "sha256-ZKqTFzhFwSWFEpQTJ0uXnfJBs5Y/po9/8TK4bzssdbs=",
        "owner": "oxalica",
        "repo": "rust-overlay",
        "rev": "58be43ae223034217ea1bd58c73210644031b687",
        "type": "github"
      },
      "original": {
        "owner": "oxalica",
        "repo": "rust-overlay",
        "type": "github"
      }
    },
    "rust-overlay_3": {
      "inputs": {
        "nixpkgs": [
          "cctl-rs",
          "csprpkgs",
          "nixpkgs"
        ]
      },
      "locked": {
        "lastModified": 1722824458,
        "narHash": "sha256-2k3/geD5Yh8JT1nrGaRycje5kB0DkvQA/OUZoel1bIU=",
        "owner": "oxalica",
        "repo": "rust-overlay",
        "rev": "a8a937c304e62a5098c6276c9cdf65c19a43b1a5",
        "type": "github"
      },
      "original": {
        "owner": "oxalica",
        "repo": "rust-overlay",
        "type": "github"
      }
    },
    "rust-overlay_4": {
      "inputs": {
        "nixpkgs": [
          "csprpkgs",
          "nixpkgs"
        ]
      },
      "locked": {
        "lastModified": 1722824458,
        "narHash": "sha256-2k3/geD5Yh8JT1nrGaRycje5kB0DkvQA/OUZoel1bIU=",
        "owner": "oxalica",
        "repo": "rust-overlay",
        "rev": "a8a937c304e62a5098c6276c9cdf65c19a43b1a5",
        "type": "github"
      },
      "original": {
        "owner": "oxalica",
        "repo": "rust-overlay",
        "type": "github"
      }
    },
    "systems": {
      "locked": {
        "lastModified": 1681028828,
        "narHash": "sha256-Vy1rq5AaRuLzOxct8nz4T6wlgyUR7zLU309k9mBC768=",
        "owner": "nix-systems",
        "repo": "default",
        "rev": "da67096a3b9bf56a91d16901293e51ba5b49a27e",
        "type": "github"
      },
      "original": {
        "owner": "nix-systems",
        "repo": "default",
        "type": "github"
      }
    },
    "systems_2": {
      "locked": {
        "lastModified": 1681028828,
        "narHash": "sha256-Vy1rq5AaRuLzOxct8nz4T6wlgyUR7zLU309k9mBC768=",
        "owner": "nix-systems",
        "repo": "default",
        "rev": "da67096a3b9bf56a91d16901293e51ba5b49a27e",
        "type": "github"
      },
      "original": {
        "owner": "nix-systems",
        "repo": "default",
        "type": "github"
      }
    },
    "systems_3": {
      "locked": {
        "lastModified": 1681028828,
        "narHash": "sha256-Vy1rq5AaRuLzOxct8nz4T6wlgyUR7zLU309k9mBC768=",
        "owner": "nix-systems",
        "repo": "default",
        "rev": "da67096a3b9bf56a91d16901293e51ba5b49a27e",
        "type": "github"
      },
      "original": {
        "owner": "nix-systems",
        "repo": "default",
        "type": "github"
      }
    },
    "systems_4": {
      "locked": {
        "lastModified": 1681028828,
        "narHash": "sha256-Vy1rq5AaRuLzOxct8nz4T6wlgyUR7zLU309k9mBC768=",
        "owner": "nix-systems",
        "repo": "default",
        "rev": "da67096a3b9bf56a91d16901293e51ba5b49a27e",
        "type": "github"
      },
      "original": {
        "owner": "nix-systems",
        "repo": "default",
        "type": "github"
      }
    },
    "systems_5": {
      "locked": {
        "lastModified": 1681028828,
        "narHash": "sha256-Vy1rq5AaRuLzOxct8nz4T6wlgyUR7zLU309k9mBC768=",
        "owner": "nix-systems",
        "repo": "default",
        "rev": "da67096a3b9bf56a91d16901293e51ba5b49a27e",
        "type": "github"
      },
      "original": {
        "owner": "nix-systems",
        "repo": "default",
        "type": "github"
      }
    },
    "treefmt-nix": {
      "inputs": {
        "nixpkgs": [
          "cctl-rs",
          "nixpkgs"
        ]
      },
      "locked": {
        "lastModified": 1723808491,
        "narHash": "sha256-rhis3qNuGmJmYC/okT7Dkc4M8CeUuRCSvW6kC2f3hBc=",
        "owner": "numtide",
        "repo": "treefmt-nix",
        "rev": "1d07739554fdc4f8481068f1b11d6ab4c1a4167a",
        "type": "github"
      },
      "original": {
        "owner": "numtide",
        "repo": "treefmt-nix",
        "type": "github"
      }
    },
    "treefmt-nix_2": {
      "inputs": {
        "nixpkgs": [
          "nixpkgs"
        ]
      },
      "locked": {
        "lastModified": 1724338379,
        "narHash": "sha256-kKJtaiU5Ou+e/0Qs7SICXF22DLx4V/WhG1P6+k4yeOE=",
        "owner": "numtide",
        "repo": "treefmt-nix",
        "rev": "070f834771efa715f3e74cd8ab93ecc96fabc951",
        "type": "github"
      },
      "original": {
        "owner": "numtide",
        "repo": "treefmt-nix",
        "type": "github"
      }
    }
  },
  "root": "root",
  "version": 7
}
